
Microsoft Visual Studio Solution File, Format Version 12.00
# Visual Studio Version 16
VisualStudioVersion = 16.0.31702.278
MinimumVisualStudioVersion = 10.0.40219.1
Project("{FAE04EC0-301F-11D3-BF4B-00C04F79EFBC}") = "Exthand.Gateway", "Exthand.Gateway.csproj", "{6C565BB5-4D0B-4A8F-9EDF-EF04868A49B8}"
EndProject
Global
	GlobalSection(SolutionConfigurationPlatforms) = preSolution
		Debug|Any CPU = Debug|Any CPU
		Release|Any CPU = Release|Any CPU
	EndGlobalSection
	GlobalSection(ProjectConfigurationPlatforms) = postSolution
		{6C565BB5-4D0B-4A8F-9EDF-EF04868A49B8}.Debug|Any CPU.ActiveCfg = Debug|Any CPU
		{6C565BB5-4D0B-4A8F-9EDF-EF04868A49B8}.Debug|Any CPU.Build.0 = Debug|Any CPU
		{6C565BB5-4D0B-4A8F-9EDF-EF04868A49B8}.Release|Any CPU.ActiveCfg = Release|Any CPU
		{6C565BB5-4D0B-4A8F-9EDF-EF04868A49B8}.Release|Any CPU.Build.0 = Release|Any CPU
	EndGlobalSection
	GlobalSection(SolutionProperties) = preSolution
		HideSolutionNode = FALSE
	EndGlobalSection
	GlobalSection(ExtensibilityGlobals) = postSolution
		SolutionGuid = {387F2C68-749A-42CB-A87B-63703460F3F6}
	EndGlobalSection
	GlobalSection(MonoDevelopProperties) = preSolution
		Policies = $0
		$0.DotNetNamingPolicy = $1
		$1.DirectoryNamespaceAssociation = PrefixedHierarchical
		$0.TextStylePolicy = $2
		$2.inheritsSet = null
		$2.scope = text/x-csharp
		$0.CSharpFormattingPolicy = $3
		$3.scope = text/x-csharp
		$0.TextStylePolicy = $4
		$4.FileWidth = 80
		$4.TabsToSpaces = True
		$4.scope = text/plain
		$0.StandardHeader = $5
	EndGlobalSection
EndGlobal
